PODS:
  - FSCalendar (2.8.2)
  - SwiftLint (0.44.0)

DEPENDENCIES:
  - FSCalendar
  - SwiftLint

SPEC REPOS:
  trunk:
    - FSCalendar
    - SwiftLint

SPEC CHECKSUMS:
  FSCalendar: e6a2eb9c571bf0719ed797ef807e08426753c241
  SwiftLint: e96c0a8c770c7ebbc4d36c55baf9096bb65c4584

PODFILE CHECKSUM: 815ef847d8283c36da7c59b7e93825b4b753f370

COCOAPODS: 1.11.2
